# @generated by Move, please check-in and do not edit manually.

[move]
version = 3
manifest_digest = "6CE0E3B578510807022CCBE2EBF7342619076E28DEA2098DCEBF3747973FE37C"
deps_digest = "397E6A9F7A624706DBDFEE056CE88391A15876868FD18A88504DA74EB458D697"
dependencies = [
  { id = "BluefinSpot", name = "BluefinSpot" },
  { id = "Bridge", name = "Bridge" },
  { id = "MoveStdlib", name = "MoveStdlib" },
  { id = "Sui", name = "Sui" },
  { id = "SuiSystem", name = "SuiSystem" },
]

[[move.package]]
id = "BluefinSpot"
source = { git = "https://github.com/fireflyprotocol/bluefin-spot-contract-interface.git", rev = "main", subdir = "" }

dependencies = [
  { id = "IntegerLibrary", name = "IntegerLibrary" },
  { id = "IntegerMate", name = "IntegerMate" },
  { id = "Sui", name = "Sui" },
]

[[move.package]]
id = "Bridge"
source = { git = "https://github.com/MystenLabs/sui.git", rev = "2c930c25f8d3", subdir = "crates/sui-framework/packages/bridge" }

dependencies = [
  { id = "MoveStdlib", name = "MoveStdlib" },
  { id = "Sui", name = "Sui" },
  { id = "SuiSystem", name = "SuiSystem" },
]

[[move.package]]
id = "IntegerLibrary"
source = { git = "https://github.com/fireflyprotocol/integer-library.git", rev = "v1.0.1", subdir = "" }

dependencies = [
  { id = "Sui", name = "Sui" },
]

[[move.package]]
id = "IntegerMate"
source = { git = "https://github.com/CetusProtocol/integer-mate.git", rev = "sui-v1.1.2", subdir = "sui" }

dependencies = [
  { id = "Sui", name = "Sui" },
]

[[move.package]]
id = "MoveStdlib"
source = { git = "https://github.com/MystenLabs/sui.git", rev = "2c930c25f8d3", subdir = "crates/sui-framework/packages/move-stdlib" }

[[move.package]]
id = "Sui"
source = { git = "https://github.com/MystenLabs/sui.git", rev = "2c930c25f8d3", subdir = "crates/sui-framework/packages/sui-framework" }

dependencies = [
  { id = "MoveStdlib", name = "MoveStdlib" },
]

[[move.package]]
id = "SuiSystem"
source = { git = "https://github.com/MystenLabs/sui.git", rev = "2c930c25f8d3", subdir = "crates/sui-framework/packages/sui-system" }

dependencies = [
  { id = "MoveStdlib", name = "MoveStdlib" },
  { id = "Sui", name = "Sui" },
]

[move.toolchain-version]
compiler-version = "1.51.1"
edition = "2024.beta"
flavor = "sui"
